
Microsoft Visual Studio Solution File, Format Version 12.00
# Visual Studio Version 17
VisualStudioVersion = 17.4.33213.308
MinimumVisualStudioVersion = 10.0.40219.1
Project("{2150E333-8FDC-42A3-9474-1A3956D46DE8}") = "src", "src", "{BCC9B969-BC6C-45DB-BD1A-FDA56551B3BD}"
EndProject
Project("{2150E333-8FDC-42A3-9474-1A3956D46DE8}") = "Api", "Api", "{49ED9DEA-4110-44EE-85D1-BCB8B0182317}"
EndProject
Project("{2150E333-8FDC-42A3-9474-1A3956D46DE8}") = "Clients", "Clients", "{F5808D5E-FF24-4B2B-BED0-5403B54E4EC7}"
EndProject
Project("{2150E333-8FDC-42A3-9474-1A3956D46DE8}") = "Common", "Common", "{D3495E32-5FD2-457A-910E-21EC56D75006}"
EndProject
Project("{2150E333-8FDC-42A3-9474-1A3956D46DE8}") = "Projections", "Projections", "{F1D117DD-FDAA-4F3E-89BE-BE312A9C3537}"
EndProject
Project("{2150E333-8FDC-42A3-9474-1A3956D46DE8}") = "Core", "Core", "{04BE1DD0-00D0-4DCE-839F-F9BA45F047C5}"
EndProject
Project("{2150E333-8FDC-42A3-9474-1A3956D46DE8}") = "Infrastructure", "Infrastructure", "{D6D11FA5-A795-4ADC-9653-518B740C9C48}"
EndProject
Project("{2150E333-8FDC-42A3-9474-1A3956D46DE8}") = "WebApi", "WebApi", "{1933A9C0-9276-4081-B24F-8E9C7B3C5AF2}"
EndProject
Project("{2150E333-8FDC-42A3-9474-1A3956D46DE8}") = "BlazorWeb", "BlazorWeb", "{AC5C5D52-4FD4-427F-93D7-BB5C5A5B84E0}"
EndProject
Project("{FAE04EC0-301F-11D3-BF4B-00C04F79EFBC}") = "BlazorSozluk.Common", "src\Common\BlazorSozluk.Common\BlazorSozluk.Common.csproj", "{9E40CA67-8FCE-4490-A472-01E26648F7F2}"
EndProject
Project("{FAE04EC0-301F-11D3-BF4B-00C04F79EFBC}") = "BlazorSozluk.Api.Domain", "src\Api\Core\BlazorSozluk.Api.Domain\BlazorSozluk.Api.Domain.csproj", "{793B72FE-B865-4C91-87F8-2658AF64E5A9}"
EndProject
Project("{FAE04EC0-301F-11D3-BF4B-00C04F79EFBC}") = "BlazorSozluk.Api.Application", "src\Api\Core\BlazorSozluk.Api.Application\BlazorSozluk.Api.Application.csproj", "{3C2367F2-3374-44FB-A635-EA0F58C2AB1B}"
EndProject
Project("{FAE04EC0-301F-11D3-BF4B-00C04F79EFBC}") = "BlazorSozluk.Infrastructure.Persistence", "src\Api\Infrastructure\BlazorSozluk.Infrastructure.Persistence\BlazorSozluk.Infrastructure.Persistence.csproj", "{E2632336-C43C-40A5-AFB4-B9C0350CA33C}"
EndProject
Project("{FAE04EC0-301F-11D3-BF4B-00C04F79EFBC}") = "BlazorSozluk.Api.WebApi", "src\Api\WebApi\BlazorSozluk.Api.WebApi\BlazorSozluk.Api.WebApi.csproj", "{94C75597-8088-4CA7-9CFD-110F4D1303BE}"
EndProject
Project("{FAE04EC0-301F-11D3-BF4B-00C04F79EFBC}") = "BlazorSozluk.Projections.FavoriteService", "src\Projections\BlazorSozluk.Projections.FavoriteService\BlazorSozluk.Projections.FavoriteService.csproj", "{3E76EBAC-1B9A-4CC0-8D2A-EDEAFFE07638}"
EndProject
Project("{FAE04EC0-301F-11D3-BF4B-00C04F79EFBC}") = "BlazorSozluk.Projections.UserService", "src\Projections\BlazorSozluk.Projections.User\BlazorSozluk.Projections.UserService.csproj", "{63DE26B9-42C8-4C0A-902D-38A1005BD209}"
EndProject
Project("{FAE04EC0-301F-11D3-BF4B-00C04F79EFBC}") = "BlazorSozluk.Projections.VoteService", "src\Projections\BlazorSozluk.Projections.VoteService\BlazorSozluk.Projections.VoteService.csproj", "{6B6027BB-518E-4B3D-9174-778A4A56DEF0}"
EndProject
Project("{FAE04EC0-301F-11D3-BF4B-00C04F79EFBC}") = "BlazorSozluk.WebApp", "src\Clients\BlazorWeb\BlazorSozluk.WebApp\BlazorSozluk.WebApp.csproj", "{20100C0F-BCED-46C2-8246-C61E3BD56074}"
EndProject
Global
	GlobalSection(SolutionConfigurationPlatforms) = preSolution
		Debug|Any CPU = Debug|Any CPU
		Release|Any CPU = Release|Any CPU
	EndGlobalSection
	GlobalSection(ProjectConfigurationPlatforms) = postSolution
		{9E40CA67-8FCE-4490-A472-01E26648F7F2}.Debug|Any CPU.ActiveCfg = Debug|Any CPU
		{9E40CA67-8FCE-4490-A472-01E26648F7F2}.Debug|Any CPU.Build.0 = Debug|Any CPU
		{9E40CA67-8FCE-4490-A472-01E26648F7F2}.Release|Any CPU.ActiveCfg = Release|Any CPU
		{9E40CA67-8FCE-4490-A472-01E26648F7F2}.Release|Any CPU.Build.0 = Release|Any CPU
		{793B72FE-B865-4C91-87F8-2658AF64E5A9}.Debug|Any CPU.ActiveCfg = Debug|Any CPU
		{793B72FE-B865-4C91-87F8-2658AF64E5A9}.Debug|Any CPU.Build.0 = Debug|Any CPU
		{793B72FE-B865-4C91-87F8-2658AF64E5A9}.Release|Any CPU.ActiveCfg = Release|Any CPU
		{793B72FE-B865-4C91-87F8-2658AF64E5A9}.Release|Any CPU.Build.0 = Release|Any CPU
		{3C2367F2-3374-44FB-A635-EA0F58C2AB1B}.Debug|Any CPU.ActiveCfg = Debug|Any CPU
		{3C2367F2-3374-44FB-A635-EA0F58C2AB1B}.Debug|Any CPU.Build.0 = Debug|Any CPU
		{3C2367F2-3374-44FB-A635-EA0F58C2AB1B}.Release|Any CPU.ActiveCfg = Release|Any CPU
		{3C2367F2-3374-44FB-A635-EA0F58C2AB1B}.Release|Any CPU.Build.0 = Release|Any CPU
		{E2632336-C43C-40A5-AFB4-B9C0350CA33C}.Debug|Any CPU.ActiveCfg = Debug|Any CPU
		{E2632336-C43C-40A5-AFB4-B9C0350CA33C}.Debug|Any CPU.Build.0 = Debug|Any CPU
		{E2632336-C43C-40A5-AFB4-B9C0350CA33C}.Release|Any CPU.ActiveCfg = Release|Any CPU
		{E2632336-C43C-40A5-AFB4-B9C0350CA33C}.Release|Any CPU.Build.0 = Release|Any CPU
		{94C75597-8088-4CA7-9CFD-110F4D1303BE}.Debug|Any CPU.ActiveCfg = Debug|Any CPU
		{94C75597-8088-4CA7-9CFD-110F4D1303BE}.Debug|Any CPU.Build.0 = Debug|Any CPU
		{94C75597-8088-4CA7-9CFD-110F4D1303BE}.Release|Any CPU.ActiveCfg = Release|Any CPU
		{94C75597-8088-4CA7-9CFD-110F4D1303BE}.Release|Any CPU.Build.0 = Release|Any CPU
		{3E76EBAC-1B9A-4CC0-8D2A-EDEAFFE07638}.Debug|Any CPU.ActiveCfg = Debug|Any CPU
		{3E76EBAC-1B9A-4CC0-8D2A-EDEAFFE07638}.Debug|Any CPU.Build.0 = Debug|Any CPU
		{3E76EBAC-1B9A-4CC0-8D2A-EDEAFFE07638}.Release|Any CPU.ActiveCfg = Release|Any CPU
		{3E76EBAC-1B9A-4CC0-8D2A-EDEAFFE07638}.Release|Any CPU.Build.0 = Release|Any CPU
		{63DE26B9-42C8-4C0A-902D-38A1005BD209}.Debug|Any CPU.ActiveCfg = Debug|Any CPU
		{63DE26B9-42C8-4C0A-902D-38A1005BD209}.Debug|Any CPU.Build.0 = Debug|Any CPU
		{63DE26B9-42C8-4C0A-902D-38A1005BD209}.Release|Any CPU.ActiveCfg = Release|Any CPU
		{63DE26B9-42C8-4C0A-902D-38A1005BD209}.Release|Any CPU.Build.0 = Release|Any CPU
		{6B6027BB-518E-4B3D-9174-778A4A56DEF0}.Debug|Any CPU.ActiveCfg = Debug|Any CPU
		{6B6027BB-518E-4B3D-9174-778A4A56DEF0}.Debug|Any CPU.Build.0 = Debug|Any CPU
		{6B6027BB-518E-4B3D-9174-778A4A56DEF0}.Release|Any CPU.ActiveCfg = Release|Any CPU
		{6B6027BB-518E-4B3D-9174-778A4A56DEF0}.Release|Any CPU.Build.0 = Release|Any CPU
		{20100C0F-BCED-46C2-8246-C61E3BD56074}.Debug|Any CPU.ActiveCfg = Debug|Any CPU
		{20100C0F-BCED-46C2-8246-C61E3BD56074}.Debug|Any CPU.Build.0 = Debug|Any CPU
		{20100C0F-BCED-46C2-8246-C61E3BD56074}.Release|Any CPU.ActiveCfg = Release|Any CPU
		{20100C0F-BCED-46C2-8246-C61E3BD56074}.Release|Any CPU.Build.0 = Release|Any CPU
	EndGlobalSection
	GlobalSection(SolutionProperties) = preSolution
		HideSolutionNode = FALSE
	EndGlobalSection
	GlobalSection(NestedProjects) = preSolution
		{49ED9DEA-4110-44EE-85D1-BCB8B0182317} = {BCC9B969-BC6C-45DB-BD1A-FDA56551B3BD}
		{F5808D5E-FF24-4B2B-BED0-5403B54E4EC7} = {BCC9B969-BC6C-45DB-BD1A-FDA56551B3BD}
		{D3495E32-5FD2-457A-910E-21EC56D75006} = {BCC9B969-BC6C-45DB-BD1A-FDA56551B3BD}
		{F1D117DD-FDAA-4F3E-89BE-BE312A9C3537} = {BCC9B969-BC6C-45DB-BD1A-FDA56551B3BD}
		{04BE1DD0-00D0-4DCE-839F-F9BA45F047C5} = {49ED9DEA-4110-44EE-85D1-BCB8B0182317}
		{D6D11FA5-A795-4ADC-9653-518B740C9C48} = {49ED9DEA-4110-44EE-85D1-BCB8B0182317}
		{1933A9C0-9276-4081-B24F-8E9C7B3C5AF2} = {49ED9DEA-4110-44EE-85D1-BCB8B0182317}
		{AC5C5D52-4FD4-427F-93D7-BB5C5A5B84E0} = {F5808D5E-FF24-4B2B-BED0-5403B54E4EC7}
		{9E40CA67-8FCE-4490-A472-01E26648F7F2} = {D3495E32-5FD2-457A-910E-21EC56D75006}
		{793B72FE-B865-4C91-87F8-2658AF64E5A9} = {04BE1DD0-00D0-4DCE-839F-F9BA45F047C5}
		{3C2367F2-3374-44FB-A635-EA0F58C2AB1B} = {04BE1DD0-00D0-4DCE-839F-F9BA45F047C5}
		{E2632336-C43C-40A5-AFB4-B9C0350CA33C} = {D6D11FA5-A795-4ADC-9653-518B740C9C48}
		{94C75597-8088-4CA7-9CFD-110F4D1303BE} = {1933A9C0-9276-4081-B24F-8E9C7B3C5AF2}
		{3E76EBAC-1B9A-4CC0-8D2A-EDEAFFE07638} = {F1D117DD-FDAA-4F3E-89BE-BE312A9C3537}
		{63DE26B9-42C8-4C0A-902D-38A1005BD209} = {F1D117DD-FDAA-4F3E-89BE-BE312A9C3537}
		{6B6027BB-518E-4B3D-9174-778A4A56DEF0} = {F1D117DD-FDAA-4F3E-89BE-BE312A9C3537}
		{20100C0F-BCED-46C2-8246-C61E3BD56074} = {AC5C5D52-4FD4-427F-93D7-BB5C5A5B84E0}
	EndGlobalSection
	GlobalSection(ExtensibilityGlobals) = postSolution
		SolutionGuid = {8A96E2AA-9CC9-47BC-9F7A-72B98C0850EF}
	EndGlobalSection
EndGlobal
